// !$*UTF8*$!
{
	archiveVersion = 1;
	classes = {
	};
	objectVersion = 46;
	objects = {

/* Begin PBXBuildFile section */
		27F380BB1EB18B25007AB71D /* AppDelegate.swift in Sources */ = {isa = PBXBuildFile; fileRef = 27F380BA1EB18B25007AB71D /* AppDelegate.swift */; };
		27F380BD1EB18B25007AB71D /* ViewController.swift in Sources */ = {isa = PBXBuildFile; fileRef = 27F380BC1EB18B25007AB71D /* ViewController.swift */; };
		27F380C01EB18B25007AB71D /* Main.storyboard in Resources */ = {isa = PBXBuildFile; fileRef = 27F380BE1EB18B25007AB71D /* Main.storyboard */; };
		27F380C21EB18B25007AB71D /* Assets.xcassets in Resources */ = {isa = PBXBuildFile; fileRef = 27F380C11EB18B25007AB71D /* Assets.xcassets */; };
		27F380C51EB18B25007AB71D /* LaunchScreen.storyboard in Resources */ = {isa = PBXBuildFile; fileRef = 27F380C31EB18B25007AB71D /* LaunchScreen.storyboard */; };
		27F380CD1EB1AC14007AB71D /* LoginViewController.swift in Sources */ = {isa = PBXBuildFile; fileRef = 27F380CC1EB1AC14007AB71D /* LoginViewController.swift */; };
		27F380CF1EB1AE90007AB71D /* MainTableViewController.swift in Sources */ = {isa = PBXBuildFile; fileRef = 27F380CE1EB1AE90007AB71D /* MainTableViewController.swift */; };
		27F380D11EB1BCDD007AB71D /* PhotoViewController.swift in Sources */ = {isa = PBXBuildFile; fileRef = 27F380D01EB1BCDD007AB71D /* PhotoViewController.swift */; };
		27F380D61EB2D882007AB71D /* Book.swift in Sources */ = {isa = PBXBuildFile; fileRef = 27F380D51EB2D882007AB71D /* Book.swift */; };
/* End PBXBuildFile section */

/* Begin PBXFileReference section */
		27F380B71EB18B25007AB71D /* Books.app */ = {isa = PBXFileReference; explicitFileType = wrapper.application; includeInIndex = 0; path = Books.app; sourceTree = BUILT_PRODUCTS_DIR; };
		27F380BA1EB18B25007AB71D /* AppDelegate.swift */ = {isa = PBXFileReference; lastKnownFileType = sourcecode.swift; path = AppDelegate.swift; sourceTree = "<group>"; };
		27F380BC1EB18B25007AB71D /* ViewController.swift */ = {isa = PBXFileReference; lastKnownFileType = sourcecode.swift; path = ViewController.swift; sourceTree = "<group>"; };
		27F380BF1EB18B25007AB71D /* Base */ = {isa = PBXFileReference; lastKnownFileType = file.storyboard; name = Base; path = Base.lproj/Main.storyboard; sourceTree = "<group>"; };
		27F380C11EB18B25007AB71D /* Assets.xcassets */ = {isa = PBXFileReference; lastKnownFileType = folder.assetcatalog; path = Assets.xcassets; sourceTree = "<group>"; };
		27F380C41EB18B25007AB71D /* Base */ = {isa = PBXFileReference; lastKnownFileType = file.storyboard; name = Base; path = Base.lproj/LaunchScreen.storyboard; sourceTree = "<group>"; };
		27F380C61EB18B25007AB71D /* Info.plist */ = {isa = PBXFileReference; lastKnownFileType = text.plist.xml; path = Info.plist; sourceTree = "<group>"; };
		27F380CC1EB1AC14007AB71D /* LoginViewController.swift */ = {isa = PBXFileReference; fileEncoding = 4; lastKnownFileType = sourcecode.swift; path = LoginViewController.swift; sourceTree = "<group>"; };
		27F380CE1EB1AE90007AB71D /* MainTableViewController.swift */ = {isa = PBXFileReference; fileEncoding = 4; lastKnownFileType = sourcecode.swift; path = MainTableViewController.swift; sourceTree = "<group>"; };
		27F380D01EB1BCDD007AB71D /* PhotoViewController.swift */ = {isa = PBXFileReference; fileEncoding = 4; lastKnownFileType = sourcecode.swift; path = PhotoViewController.swift; sourceTree = "<group>"; };
		27F380D31EB1C43D007AB71D /* Photos.framework */ = {isa = PBXFileReference; lastKnownFileType = wrapper.framework; name = Photos.framework; path = System/Library/Frameworks/Photos.framework; sourceTree = SDKROOT; };
		27F380D51EB2D882007AB71D /* Book.swift */ = {isa = PBXFileReference; fileEncoding = 4; lastKnownFileType = sourcecode.swift; path = Book.swift; sourceTree = "<group>"; };
/* End PBXFileReference section */

/* Begin PBXFrameworksBuildPhase section */
		27F380B41EB18B25007AB71D /* Frameworks */ = {
			isa = PBXFrameworksBuildPhase;
			buildActionMask = 2147483647;
			files = (
			);
			runOnlyForDeploymentPostprocessing = 0;
		};
/* End PBXFrameworksBuildPhase section */

/* Begin PBXGroup section */
		27F380AE1EB18B25007AB71D = {
			isa = PBXGroup;
			children = (
				27F380B91EB18B25007AB71D /* Books */,
				27F380B81EB18B25007AB71D /* Products */,
				27F380D21EB1C43D007AB71D /* Frameworks */,
			);
			sourceTree = "<group>";
		};
		27F380B81EB18B25007AB71D /* Products */ = {
			isa = PBXGroup;
			children = (
				27F380B71EB18B25007AB71D /* Books.app */,
			);
			name = Products;
			sourceTree = "<group>";
		};
		27F380B91EB18B25007AB71D /* Books */ = {
			isa = PBXGroup;
			children = (
				27F380BA1EB18B25007AB71D /* AppDelegate.swift */,
				27F380BC1EB18B25007AB71D /* ViewController.swift */,
				27F380BE1EB18B25007AB71D /* Main.storyboard */,
				27F380C11EB18B25007AB71D /* Assets.xcassets */,
				27F380C31EB18B25007AB71D /* LaunchScreen.storyboard */,
				27F380C61EB18B25007AB71D /* Info.plist */,
				27F380CC1EB1AC14007AB71D /* LoginViewController.swift */,
				27F380CE1EB1AE90007AB71D /* MainTableViewController.swift */,
				27F380D01EB1BCDD007AB71D /* PhotoViewController.swift */,
				27F380D51EB2D882007AB71D /* Book.swift */,
			);
			path = Books;
			sourceTree = "<group>";
		};
		27F380D21EB1C43D007AB71D /* Frameworks */ = {
			isa = PBXGroup;
			children = (
				27F380D31EB1C43D007AB71D /* Photos.framework */,
			);
			name = Frameworks;
			sourceTree = "<group>";
		};
/* End PBXGroup section */

/* Begin PBXNativeTarget section */
		27F380B61EB18B25007AB71D /* Books */ = {
			isa = PBXNativeTarget;
			buildConfigurationList = 27F380C91EB18B25007AB71D /* Build configuration list for PBXNativeTarget "Books" */;
			buildPhases = (
				27F380B31EB18B25007AB71D /* Sources */,
				27F380B41EB18B25007AB71D /* Frameworks */,
				27F380B51EB18B25007AB71D /* Resources */,
			);
			buildRules = (
			);
			dependencies = (
			);
			name = Books;
			productName = Books;
			productReference = 27F380B71EB18B25007AB71D /* Books.app */;
			productType = "com.apple.product-type.application";
		};
/* End PBXNativeTarget section */

/* Begin PBXProject section */
		27F380AF1EB18B25007AB71D /* Project object */ = {
			isa = PBXProject;
			attributes = {
				LastSwiftUpdateCheck = 0830;
				LastUpgradeCheck = 0830;
				ORGANIZATIONNAME = NHIT;
				TargetAttributes = {
					27F380B61EB18B25007AB71D = {
						CreatedOnToolsVersion = 8.3.1;
						ProvisioningStyle = Automatic;
					};
				};
			};
			buildConfigurationList = 27F380B21EB18B25007AB71D /* Build configuration list for PBXProject "Books" */;
			compatibilityVersion = "Xcode 3.2";
			developmentRegion = English;
			hasScannedForEncodings = 0;
			knownRegions = (
				en,
				Base,
			);
			mainGroup = 27F380AE1EB18B25007AB71D;
			productRefGroup = 27F380B81EB18B25007AB71D /* Products */;
			projectDirPath = "";
			projectRoot = "";
			targets = (
				27F380B61EB18B25007AB71D /* Books */,
			);
		};
/* End PBXProject section */

/* Begin PBXResourcesBuildPhase section */
		27F380B51EB18B25007AB71D /* Resources */ = {
			isa = PBXResourcesBuildPhase;
			buildActionMask = 2147483647;
			files = (
				27F380C51EB18B25007AB71D /* LaunchScreen.storyboard in Resources */,
				27F380C21EB18B25007AB71D /* Assets.xcassets in Resources */,
				27F380C01EB18B25007AB71D /* Main.storyboard in Resources */,
			);
			runOnlyForDeploymentPostprocessing = 0;
		};
/* End PBXResourcesBuildPhase section */

/* Begin PBXSourcesBuildPhase section */
		27F380B31EB18B25007AB71D /* Sources */ = {
			isa = PBXSourcesBuildPhase;
			buildActionMask = 2147483647;
			files = (
				27F380CF1EB1AE90007AB71D /* MainTableViewController.swift in Sources */,
				27F380CD1EB1AC14007AB71D /* LoginViewController.swift in Sources */,
				27F380D61EB2D882007AB71D /* Book.swift in Sources */,
				27F380BD1EB18B25007AB71D /* ViewController.swift in Sources */,
				27F380BB1EB18B25007AB71D /* AppDelegate.swift in Sources */,
				27F380D11EB1BCDD007AB71D /* PhotoViewController.swift in Sources */,
			);
			runOnlyForDeploymentPostprocessing = 0;
		};
/* End PBXSourcesBuildPhase section */

/* Begin PBXVariantGroup section */
		27F380BE1EB18B25007AB71D /* Main.storyboard */ = {
			isa = PBXVariantGroup;
			children = (
				27F380BF1EB18B25007AB71D /* Base */,
			);
			name = Main.storyboard;
			sourceTree = "<group>";
		};
		27F380C31EB18B25007AB71D /* LaunchScreen.storyboard */ = {
			isa = PBXVariantGroup;
			children = (
				27F380C41EB18B25007AB71D /* Base */,
			);
			name = LaunchScreen.storyboard;
			sourceTree = "<group>";
		};
/* End PBXVariantGroup section */

/* Begin XCBuildConfiguration section */
		27F380C71EB18B25007AB71D /* Debug */ = {
			isa = XCBuildConfiguration;
			buildSettings = {
				ALWAYS_SEARCH_USER_PATHS = NO;
				CLANG_ANALYZER_NONNULL = YES;
				CLANG_ANALYZER_NUMBER_OBJECT_CONVERSION = YES_AGGRESSIVE;
				CLANG_CXX_LANGUAGE_STANDARD = "gnu++0x";
				CLANG_CXX_LIBRARY = "libc++";
				CLANG_ENABLE_MODULES = YES;
				CLANG_ENABLE_OBJC_ARC = YES;
				CLANG_WARN_BOOL_CONVERSION = YES;
				CLANG_WARN_CONSTANT_CONVERSION = YES;
				CLANG_WARN_DIRECT_OBJC_ISA_USAGE = YES_ERROR;
				CLANG_WARN_DOCUMENTATION_COMMENTS = YES;
				CLANG_WARN_EMPTY_BODY = YES;
				CLANG_WARN_ENUM_CONVERSION = YES;
				CLANG_WARN_INFINITE_RECURSION = YES;
				CLANG_WARN_INT_CONVERSION = YES;
				CLANG_WARN_OBJC_ROOT_CLASS = YES_ERROR;
				CLANG_WARN_SUSPICIOUS_MOVE = YES;
				CLANG_WARN_UNREACHABLE_CODE = YES;
				CLANG_WARN__DUPLICATE_METHOD_MATCH = YES;
				"CODE_SIGN_IDENTITY[sdk=iphoneos*]" = "iPhone Developer";
				COPY_PHASE_STRIP = NO;
				DEBUG_INFORMATION_FORMAT = dwarf;
				ENABLE_STRICT_OBJC_MSGSEND = YES;
				ENABLE_TESTABILITY = YES;
				GCC_C_LANGUAGE_STANDARD = gnu99;
				GCC_DYNAMIC_NO_PIC = NO;
				GCC_NO_COMMON_BLOCKS = YES;
				GCC_OPTIMIZATION_LEVEL = 0;
				GCC_PREPROCESSOR_DEFINITIONS = (
					"DEBUG=1",
					"$(inherited)",
				);
				GCC_WARN_64_TO_32_BIT_CONVERSION = YES;
				GCC_WARN_ABOUT_RETURN_TYPE = YES_ERROR;
				GCC_WARN_UNDECLARED_SELECTOR = YES;
				GCC_WARN_UNINITIALIZED_AUTOS = YES_AGGRESSIVE;
				GCC_WARN_UNUSED_FUNCTION = YES;
				GCC_WARN_UNUSED_VARIABLE = YES;
				IPHONEOS_DEPLOYMENT_TARGET = 10.3;
				MTL_ENABLE_DEBUG_INFO = YES;
				ONLY_ACTIVE_ARCH = YES;
				SDKROOT = iphoneos;
				SWIFT_ACTIVE_COMPILATION_CONDITIONS = DEBUG;
				SWIFT_OPTIMIZATION_LEVEL = "-Onone";
			};
			name = Debug;
		};
		27F380C81EB18B25007AB71D /* Release */ = {
			isa = XCBuildConfiguration;
			buildSettings = {
				ALWAYS_SEARCH_USER_PATHS = NO;
				CLANG_ANALYZER_NONNULL = YES;
				CLANG_ANALYZER_NUMBER_OBJECT_CONVERSION = YES_AGGRESSIVE;
				CLANG_CXX_LANGUAGE_STANDARD = "gnu++0x";
				CLANG_CXX_LIBRARY = "libc++";
				CLANG_ENABLE_MODULES = YES;
				CLANG_ENABLE_OBJC_ARC = YES;
				CLANG_WARN_BOOL_CONVERSION = YES;
				CLANG_WARN_CONSTANT_CONVERSION = YES;
				CLANG_WARN_DIRECT_OBJC_ISA_USAGE = YES_ERROR;
				CLANG_WARN_DOCUMENTATION_COMMENTS = YES;
				CLANG_WARN_EMPTY_BODY = YES;
				CLANG_WARN_ENUM_CONVERSION = YES;
				CLANG_WARN_INFINITE_RECURSION = YES;
				CLANG_WARN_INT_CONVERSION = YES;
				CLANG_WARN_OBJC_ROOT_CLASS = YES_ERROR;
				CLANG_WARN_SUSPICIOUS_MOVE = YES;
				CLANG_WARN_UNREACHABLE_CODE = YES;
				CLANG_WARN__DUPLICATE_METHOD_MATCH = YES;
				"CODE_SIGN_IDENTITY[sdk=iphoneos*]" = "iPhone Developer";
				COPY_PHASE_STRIP = NO;
				DEBUG_INFORMATION_FORMAT = "dwarf-with-dsym";
				ENABLE_NS_ASSERTIONS = NO;
				ENABLE_STRICT_OBJC_MSGSEND = YES;
				GCC_C_LANGUAGE_STANDARD = gnu99;
				GCC_NO_COMMON_BLOCKS = YES;
				GCC_WARN_64_TO_32_BIT_CONVERSION = YES;
				GCC_WARN_ABOUT_RETURN_TYPE = YES_ERROR;
				GCC_WARN_UNDECLARED_SELECTOR = YES;
				GCC_WARN_UNINITIALIZED_AUTOS = YES_AGGRESSIVE;
				GCC_WARN_UNUSED_FUNCTION = YES;
				GCC_WARN_UNUSED_VARIABLE = YES;
				IPHONEOS_DEPLOYMENT_TARGET = 10.3;
				MTL_ENABLE_DEBUG_INFO = NO;
				SDKROOT = iphoneos;
				SWIFT_OPTIMIZATION_LEVEL = "-Owholemodule";
				VALIDATE_PRODUCT = YES;
			};
			name = Release;
		};
		27F380CA1EB18B25007AB71D /* Debug */ = {
			isa = XCBuildConfiguration;
			buildSettings = {
				ASSETCATALOG_COMPILER_APPICON_NAME = AppIcon;
				INFOPLIST_FILE = Books/Info.plist;
				LD_RUNPATH_SEARCH_PATHS = "$(inherited) @executable_path/Frameworks";
				PRODUCT_BUNDLE_IDENTIFIER = com.nhit.Books;
				PRODUCT_NAME = "$(TARGET_NAME)";
				SWIFT_VERSION = 3.0;
			};
			name = Debug;
		};
		27F380CB1EB18B25007AB71D /* Release */ = {
			isa = XCBuildConfiguration;
			buildSettings = {
				ASSETCATALOG_COMPILER_APPICON_NAME = AppIcon;
				INFOPLIST_FILE = Books/Info.plist;
				LD_RUNPATH_SEARCH_PATHS = "$(inherited) @executable_path/Frameworks";
				PRODUCT_BUNDLE_IDENTIFIER = com.nhit.Books;
				PRODUCT_NAME = "$(TARGET_NAME)";
				SWIFT_VERSION = 3.0;
			};
			name = Release;
		};
/* End XCBuildConfiguration section */

/* Begin XCConfigurationList section */
		27F380B21EB18B25007AB71D /* Build configuration list for PBXProject "Books" */ = {
			isa = XCConfigurationList;
			buildConfigurations = (
				27F380C71EB18B25007AB71D /* Debug */,
				27F380C81EB18B25007AB71D /* Release */,
			);
			defaultConfigurationIsVisible = 0;
			defaultConfigurationName = Release;
		};
		27F380C91EB18B25007AB71D /* Build configuration list for PBXNativeTarget "Books" */ = {
			isa = XCConfigurationList;
			buildConfigurations = (
				27F380CA1EB18B25007AB71D /* Debug */,
				27F380CB1EB18B25007AB71D /* Release */,
			);
			defaultConfigurationIsVisible = 0;
			defaultConfigurationName = Release;
		};
/* End XCConfigurationList section */
	};
	rootObject = 27F380AF1EB18B25007AB71D /* Project object */;
}
